Microsoft Visual Studio Solution File, Format Version 12.00
# Visual Studio Version 17
VisualStudioVersion = 17.5.2.0
MinimumVisualStudioVersion = 10.0.40219.1
Project("{FAE04EC0-301F-11D3-BF4B-00C04F79EFBC}") = "AgendaDeContadosCrudMVC", "AgendaDeContadosCrudMVC.csproj", "{53C51CE3-B77A-7DDE-81B0-A75B03C1C59B}"
EndProject
Global
	GlobalSection(SolutionConfigurationPlatforms) = preSolution
		Debug|Any CPU = Debug|Any CPU
		Release|Any CPU = Release|Any CPU
	EndGlobalSection
	GlobalSection(ProjectConfigurationPlatforms) = postSolution
		{53C51CE3-B77A-7DDE-81B0-A75B03C1C59B}.Debug|Any CPU.ActiveCfg = Debug|Any CPU
		{53C51CE3-B77A-7DDE-81B0-A75B03C1C59B}.Debug|Any CPU.Build.0 = Debug|Any CPU
		{53C51CE3-B77A-7DDE-81B0-A75B03C1C59B}.Release|Any CPU.ActiveCfg = Release|Any CPU
		{53C51CE3-B77A-7DDE-81B0-A75B03C1C59B}.Release|Any CPU.Build.0 = Release|Any CPU
	EndGlobalSection
	GlobalSection(SolutionProperties) = preSolution
		HideSolutionNode = FALSE
	EndGlobalSection
	GlobalSection(ExtensibilityGlobals) = postSolution
		SolutionGuid = {6C57E1ED-0F2F-4538-A552-5638D18B2420}
	EndGlobalSection
EndGlobal
